# This file is automatically @generated by Cargo.
# It is not intended for manual editing.
version = 3

[[package]]
name = "mambo_map"
version = "0.1.0"
source = "registry+https://github.com/rust-lang/crates.io-index"
checksum = "49157400ff33f2746c87542d6f58966617739472210d24f7fb55d99c7f856945"

[[package]]
name = "wisleess2"
version = "0.1.0"
dependencies = [
 "mambo_map",
]
